# This file is automatically @generated by Cargo.
# It is not intended for manual editing.
version = 4

[[package]]
name = "ab_glyph"
version = "0.2.32"
source = "registry+https://github.com/rust-lang/crates.io-index"
checksum = "01c0457472c38ea5bd1c3b5ada5e368271cb550be7a4ca4a0b4634e9913f6cc2"
dependencies = [
 "ab_glyph_rasterizer",
 "owned_ttf_parser",
]

[[package]]
name = "ab_glyph_rasterizer"
version = "0.1.10"
source = "registry+https://github.com/rust-lang/crates.io-index"
checksum = "366ffbaa4442f4684d91e2cd7c5ea7c4ed8add41959a31447066e279e432b618"

[[package]]
name = "accesskit"
version = "0.17.1"
source = "registry+https://github.com/rust-lang/crates.io-index"
checksum = "d3d3b8f9bae46a948369bc4a03e815d4ed6d616bd00de4051133a5019dc31c5a"

[[package]]
name = "accesskit_consumer"
version = "0.25.0"
source = "registry+https://github.com/rust-lang/crates.io-index"
checksum = "fa3a17950ce0d911f132387777b9b3d05eddafb59b773ccaa53fceefaeb0228e"
dependencies = [
 "accesskit",
 "immutable-chunkmap",
]

[[package]]
name = "ahash"
version = "0.8.12"
source = "registry+https://github.com/rust-lang/crates.io-index"
checksum = "5a15f179cd60c4584b8a8c596927aadc462e27f2ca70c04e0071964a73ba7a75"
dependencies = [
 "cfg-if",
 "once_cell",
 "version_check",
 "zerocopy",
]

[[package]]
name = "arrayvec"
version = "0.7.6"
source = "registry+https://github.com/rust-lang/crates.io-index"
checksum = "7c02d123df017efcdfbd739ef81735b36c5ba83ec3c59c80a9d7ecc718f92e50"

[[package]]
name = "bitflags"
version = "2.11.0"
source = "registry+https://github.com/rust-lang/crates.io-index"
checksum = "843867be96c8daad0d758b57df9392b6d8d271134fce549de6ce169ff98a92af"

[[package]]
name = "cfg-if"
version = "1.0.4"
source = "registry+https://github.com/rust-lang/crates.io-index"
checksum = "9330f8b2ff13f34540b44e946ef35111825727b38d33286ef986142615121801"

[[package]]
name = "ecolor"
version = "0.31.1"
source = "registry+https://github.com/rust-lang/crates.io-index"
checksum = "bc4feb366740ded31a004a0e4452fbf84e80ef432ecf8314c485210229672fd1"
dependencies = [
 "emath",
]

[[package]]
name = "egui"
version = "0.31.1"
source = "registry+https://github.com/rust-lang/crates.io-index"
checksum = "25dd34cec49ab55d85ebf70139cb1ccd29c977ef6b6ba4fe85489d6877ee9ef3"
dependencies = [
 "accesskit",
 "ahash",
 "bitflags",
 "emath",
 "epaint",
 "nohash-hasher",
 "profiling",
]

[[package]]
name = "egui_kittest"
version = "0.31.1"
source = "registry+https://github.com/rust-lang/crates.io-index"
checksum = "c46def610cf9486675aeec698d4e36a949ec0b0e1f6096135b0584dcfd52aa47"
dependencies = [
 "egui",
 "kittest",
]

[[package]]
name = "emath"
version = "0.31.1"
source = "registry+https://github.com/rust-lang/crates.io-index"
checksum = "9e4cadcff7a5353ba72b7fea76bf2122b5ebdbc68e8155aa56dfdea90083fe1b"

[[package]]
name = "epaint"
version = "0.31.1"
source = "registry+https://github.com/rust-lang/crates.io-index"
checksum = "41fcc0f5a7c613afd2dee5e4b30c3e6acafb8ad6f0edb06068811f708a67c562"
dependencies = [
 "ab_glyph",
 "ahash",
 "ecolor",
 "emath",
 "epaint_default_fonts",
 "nohash-hasher",
 "parking_lot",
 "profiling",
]

[[package]]
name = "epaint_default_fonts"
version = "0.31.1"
source = "registry+https://github.com/rust-lang/crates.io-index"
checksum = "fc7e7a64c02cf7a5b51e745a9e45f60660a286f151c238b9d397b3e923f5082f"

[[package]]
name = "immutable-chunkmap"
version = "2.1.2"
source = "registry+https://github.com/rust-lang/crates.io-index"
checksum = "9a3e98b1520e49e252237edc238a39869da9f3241f2ec19dc788c1d24694d1e4"
dependencies = [
 "arrayvec",
]

[[package]]
name = "kittest"
version = "0.1.0"
source = "registry+https://github.com/rust-lang/crates.io-index"
checksum = "f659954571a3c132356bd15c25f0dcf14d270a28ec5c58797adc2f432831bed5"
dependencies = [
 "accesskit",
 "accesskit_consumer",
 "parking_lot",
]

[[package]]
name = "libc"
version = "0.2.183"
source = "registry+https://github.com/rust-lang/crates.io-index"
checksum = "b5b646652bf6661599e1da8901b3b9522896f01e736bad5f723fe7a3a27f899d"

[[package]]
name = "lock_api"
version = "0.4.14"
source = "registry+https://github.com/rust-lang/crates.io-index"
checksum = "224399e74b87b5f3557511d98dff8b14089b3dadafcab6bb93eab67d3aace965"
dependencies = [
 "scopeguard",
]

[[package]]
name = "nohash-hasher"
version = "0.2.0"
source = "registry+https://github.com/rust-lang/crates.io-index"
checksum = "2bf50223579dc7cdcfb3bfcacf7069ff68243f8c363f62ffa99cf000a6b9c451"

[[package]]
name = "once_cell"
version = "1.21.4"
source = "registry+https://github.com/rust-lang/crates.io-index"
checksum = "9f7c3e4beb33f85d45ae3e3a1792185706c8e16d043238c593331cc7cd313b50"

[[package]]
name = "orthrus"
version = "0.1.0"
dependencies = [
 "egui",
 "egui_kittest",
]

[[package]]
name = "owned_ttf_parser"
version = "0.25.1"
source = "registry+https://github.com/rust-lang/crates.io-index"
checksum = "36820e9051aca1014ddc75770aab4d68bc1e9e632f0f5627c4086bc216fb583b"
dependencies = [
 "ttf-parser",
]

[[package]]
name = "parking_lot"
version = "0.12.5"
source = "registry+https://github.com/rust-lang/crates.io-index"
checksum = "93857453250e3077bd71ff98b6a65ea6621a19bb0f559a85248955ac12c45a1a"
dependencies = [
 "lock_api",
 "parking_lot_core",
]

[[package]]
name = "parking_lot_core"
version = "0.9.12"
source = "registry+https://github.com/rust-lang/crates.io-index"
checksum = "2621685985a2ebf1c516881c026032ac7deafcda1a2c9b7850dc81e3dfcb64c1"
dependencies = [
 "cfg-if",
 "libc",
 "redox_syscall",
 "smallvec",
 "windows-link",
]

[[package]]
name = "proc-macro2"
version = "1.0.106"
source = "registry+https://github.com/rust-lang/crates.io-index"
checksum = "8fd00f0bb2e90d81d1044c2b32617f68fcb9fa3bb7640c23e9c748e53fb30934"
dependencies = [
 "unicode-ident",
]

[[package]]
name = "profiling"
version = "1.0.17"
source = "registry+https://github.com/rust-lang/crates.io-index"
checksum = "3eb8486b569e12e2c32ad3e204dbaba5e4b5b216e9367044f25f1dba42341773"

[[package]]
name = "quote"
version = "1.0.45"
source = "registry+https://github.com/rust-lang/crates.io-index"
checksum = "41f2619966050689382d2b44f664f4bc593e129785a36d6ee376ddf37259b924"
dependencies = [
 "proc-macro2",
]

[[package]]
name = "redox_syscall"
version = "0.5.18"
source = "registry+https://github.com/rust-lang/crates.io-index"
checksum = "ed2bf2547551a7053d6fdfafda3f938979645c44812fbfcda098faae3f1a362d"
dependencies = [
 "bitflags",
]

[[package]]
name = "scopeguard"
version = "1.2.0"
source = "registry+https://github.com/rust-lang/crates.io-index"
checksum = "94143f37725109f92c262ed2cf5e59bce7498c01bcc1502d7b9afe439a4e9f49"

[[package]]
name = "smallvec"
version = "1.15.1"
source = "registry+https://github.com/rust-lang/crates.io-index"
checksum = "67b1b7a3b5fe4f1376887184045fcf45c69e92af734b7aaddc05fb777b6fbd03"

[[package]]
name = "syn"
version = "2.0.117"
source = "registry+https://github.com/rust-lang/crates.io-index"
checksum = "e665b8803e7b1d2a727f4023456bbbbe74da67099c585258af0ad9c5013b9b99"
dependencies = [
 "proc-macro2",
 "quote",
 "unicode-ident",
]

[[package]]
name = "ttf-parser"
version = "0.25.1"
source = "registry+https://github.com/rust-lang/crates.io-index"
checksum = "d2df906b07856748fa3f6e0ad0cbaa047052d4a7dd609e231c4f72cee8c36f31"

[[package]]
name = "unicode-ident"
version = "1.0.24"
source = "registry+https://github.com/rust-lang/crates.io-index"
checksum = "e6e4313cd5fcd3dad5cafa179702e2b244f760991f45397d14d4ebf38247da75"

[[package]]
name = "version_check"
version = "0.9.5"
source = "registry+https://github.com/rust-lang/crates.io-index"
checksum = "0b928f33d975fc6ad9f86c8f283853ad26bdd5b10b7f1542aa2fa15e2289105a"

[[package]]
name = "windows-link"
version = "0.2.1"
source = "registry+https://github.com/rust-lang/crates.io-index"
checksum = "f0805222e57f7521d6a62e36fa9163bc891acd422f971defe97d64e70d0a4fe5"

[[package]]
name = "zerocopy"
version = "0.8.47"
source = "registry+https://github.com/rust-lang/crates.io-index"
checksum = "efbb2a062be311f2ba113ce66f697a4dc589f85e78a4aea276200804cea0ed87"
dependencies = [
 "zerocopy-derive",
]

[[package]]
name = "zerocopy-derive"
version = "0.8.47"
source = "registry+https://github.com/rust-lang/crates.io-index"
checksum = "0e8bc7269b54418e7aeeef514aa68f8690b8c0489a06b0136e5f57c4c5ccab89"
dependencies = [
 "proc-macro2",
 "quote",
 "syn",
]
